<?xml version="1.0" encoding="utf-8"?>
<Project ToolsVersion="4.0" xmlns="http://schemas.microsoft.com/developer/msbuild/2003">
  <ItemGroup>
    <ClCompile Include="BookHistoryForm.cpp" />
    <ClCompile Include="CarritoPrestamoForm.cpp" />
    <ClCompile Include="MaintenanceBook.cpp" />
    <ClCompile Include="AddDeliveryRobot.cpp" />
    <ClCompile Include="AddLibrary.cpp" />
    <ClCompile Include="BookForm.cpp" />
    <ClCompile Include="BookReport.cpp" />
    <ClCompile Include="BookRequest.cpp" />
    <ClCompile Include="DispatchBooks.cpp" />
    <ClCompile Include="FoundBookForm.cpp" />
    <ClCompile Include="LibrarianLogIn.cpp" />
    <ClCompile Include="MainForm1.cpp" />
    <ClCompile Include="RegisterUserForm.cpp" />
    <ClCompile Include="ReporteGraficaClienteForm.cpp" />
    <ClCompile Include="RobotApprove.cpp" />
    <ClCompile Include="Stats.cpp" />
    <ClCompile Include="Stock.cpp" />
    <ClCompile Include="UserForm.cpp" />
    <ClCompile Include="UserInterface.cpp" />
    <ClCompile Include="UserLoansList.cpp" />
    <ClCompile Include="UserOptionsForm.cpp" />
    <ClCompile Include="UserProfileForm.cpp" />
    <ClCompile Include="UserReport.cpp" />
  </ItemGroup>
  <ItemGroup>
    <ClInclude Include="BookHistoryForm.h" />
    <ClInclude Include="CarritoPrestamoForm.h" />
    <ClInclude Include="MaintenanceBook.h" />
    <ClInclude Include="AddDeliveryRobot.h" />
    <ClInclude Include="AddLibrary.h" />
    <ClInclude Include="BookForm.h" />
    <ClInclude Include="BookReport.h" />
    <ClInclude Include="BookRequest.h" />
    <ClInclude Include="DispatchBooks.h" />
    <ClInclude Include="FoundBookForm.h" />
    <ClInclude Include="LibrarianLogIn.h" />
    <ClInclude Include="MainForm1.h" />
    <ClInclude Include="RegisterUserForm.h" />
    <ClInclude Include="ReporteGraficaClienteForm.h" />
    <ClInclude Include="RobotApprove.h" />
    <ClInclude Include="Stats.h" />
    <ClInclude Include="Stock.h" />
    <ClInclude Include="UserForm.h" />
    <ClInclude Include="UserInterface.h" />
    <ClInclude Include="UserLoansList.h" />
    <ClInclude Include="UserOptionsForm.h" />
    <ClInclude Include="UserProfileForm.h" />
    <ClInclude Include="UserReport.h" />
  </ItemGroup>
</Project>